// !$*UTF8*$!
{
	archiveVersion = 1;
	classes = {
	};
	objectVersion = 50;
	objects = {

/* Begin PBXBuildFile section */
		C746DFA5234883ED00F0199B /* AppDelegate.swift in Sources */ = {isa = PBXBuildFile; fileRef = C746DFA4234883ED00F0199B /* AppDelegate.swift */; };
		C746DFA7234883ED00F0199B /* ViewController.swift in Sources */ = {isa = PBXBuildFile; fileRef = C746DFA6234883ED00F0199B /* ViewController.swift */; };
		C746DFAA234883ED00F0199B /* Main.storyboard in Resources */ = {isa = PBXBuildFile; fileRef = C746DFA8234883ED00F0199B /* Main.storyboard */; };
		C746DFAC234883EF00F0199B /* Assets.xcassets in Resources */ = {isa = PBXBuildFile; fileRef = C746DFAB234883EF00F0199B /* Assets.xcassets */; };
		C746DFAF234883EF00F0199B /* LaunchScreen.storyboard in Resources */ = {isa = PBXBuildFile; fileRef = C746DFAD234883EF00F0199B /* LaunchScreen.storyboard */; };
		C746DFBA234883EF00F0199B /* LiveStyleEventsTests.swift in Sources */ = {isa = PBXBuildFile; fileRef = C746DFB9234883EF00F0199B /* LiveStyleEventsTests.swift */; };
		C746DFC5234883EF00F0199B /* LiveStyleEventsUITests.swift in Sources */ = {isa = PBXBuildFile; fileRef = C746DFC4234883EF00F0199B /* LiveStyleEventsUITests.swift */; };
		C746DFD323488C6F00F0199B /* EventTableViewCell.swift in Sources */ = {isa = PBXBuildFile; fileRef = C746DFD223488C6F00F0199B /* EventTableViewCell.swift */; };
		C746DFD72348909F00F0199B /* Event.swift in Sources */ = {isa = PBXBuildFile; fileRef = C746DFD62348909F00F0199B /* Event.swift */; };
/* End PBXBuildFile section */

/* Begin PBXContainerItemProxy section */
		C746DFB6234883EF00F0199B /* PBXContainerItemProxy */ = {
			isa = PBXContainerItemProxy;
			containerPortal = C746DF99234883ED00F0199B /* Project object */;
			proxyType = 1;
			remoteGlobalIDString = C746DFA0234883ED00F0199B;
			remoteInfo = LiveStyleEvents;
		};
		C746DFC1234883EF00F0199B /* PBXContainerItemProxy */ = {
			isa = PBXContainerItemProxy;
			containerPortal = C746DF99234883ED00F0199B /* Project object */;
			proxyType = 1;
			remoteGlobalIDString = C746DFA0234883ED00F0199B;
			remoteInfo = LiveStyleEvents;
		};
/* End PBXContainerItemProxy section */

/* Begin PBXFileReference section */
		C746DFA1234883ED00F0199B /* LiveStyleEvents.app */ = {isa = PBXFileReference; explicitFileType = wrapper.application; includeInIndex = 0; path = LiveStyleEvents.app; sourceTree = BUILT_PRODUCTS_DIR; };
		C746DFA4234883ED00F0199B /* AppDelegate.swift */ = {isa = PBXFileReference; lastKnownFileType = sourcecode.swift; path = AppDelegate.swift; sourceTree = "<group>"; };
		C746DFA6234883ED00F0199B /* ViewController.swift */ = {isa = PBXFileReference; lastKnownFileType = sourcecode.swift; path = ViewController.swift; sourceTree = "<group>"; };
		C746DFA9234883ED00F0199B /* Base */ = {isa = PBXFileReference; lastKnownFileType = file.storyboard; name = Base; path = Base.lproj/Main.storyboard; sourceTree = "<group>"; };
		C746DFAB234883EF00F0199B /* Assets.xcassets */ = {isa = PBXFileReference; lastKnownFileType = folder.assetcatalog; path = Assets.xcassets; sourceTree = "<group>"; };
		C746DFAE234883EF00F0199B /* Base */ = {isa = PBXFileReference; lastKnownFileType = file.storyboard; name = Base; path = Base.lproj/LaunchScreen.storyboard; sourceTree = "<group>"; };
		C746DFB0234883EF00F0199B /* Info.plist */ = {isa = PBXFileReference; lastKnownFileType = text.plist.xml; path = Info.plist; sourceTree = "<group>"; };
		C746DFB5234883EF00F0199B /* LiveStyleEventsTests.xctest */ = {isa = PBXFileReference; explicitFileType = wrapper.cfbundle; includeInIndex = 0; path = LiveStyleEventsTests.xctest; sourceTree = BUILT_PRODUCTS_DIR; };
		C746DFB9234883EF00F0199B /* LiveStyleEventsTests.swift */ = {isa = PBXFileReference; lastKnownFileType = sourcecode.swift; path = LiveStyleEventsTests.swift; sourceTree = "<group>"; };
		C746DFBB234883EF00F0199B /* Info.plist */ = {isa = PBXFileReference; lastKnownFileType = text.plist.xml; path = Info.plist; sourceTree = "<group>"; };
		C746DFC0234883EF00F0199B /* LiveStyleEventsUITests.xctest */ = {isa = PBXFileReference; explicitFileType = wrapper.cfbundle; includeInIndex = 0; path = LiveStyleEventsUITests.xctest; sourceTree = BUILT_PRODUCTS_DIR; };
		C746DFC4234883EF00F0199B /* LiveStyleEventsUITests.swift */ = {isa = PBXFileReference; lastKnownFileType = sourcecode.swift; path = LiveStyleEventsUITests.swift; sourceTree = "<group>"; };
		C746DFC6234883EF00F0199B /* Info.plist */ = {isa = PBXFileReference; lastKnownFileType = text.plist.xml; path = Info.plist; sourceTree = "<group>"; };
		C746DFD223488C6F00F0199B /* EventTableViewCell.swift */ = {isa = PBXFileReference; lastKnownFileType = sourcecode.swift; path = EventTableViewCell.swift; sourceTree = "<group>"; };
		C746DFD62348909F00F0199B /* Event.swift */ = {isa = PBXFileReference; lastKnownFileType = sourcecode.swift; path = Event.swift; sourceTree = "<group>"; };
/* End PBXFileReference section */

/* Begin PBXFrameworksBuildPhase section */
		C746DF9E234883ED00F0199B /* Frameworks */ = {
			isa = PBXFrameworksBuildPhase;
			buildActionMask = 2147483647;
			files = (
			);
			runOnlyForDeploymentPostprocessing = 0;
		};
		C746DFB2234883EF00F0199B /* Frameworks */ = {
			isa = PBXFrameworksBuildPhase;
			buildActionMask = 2147483647;
			files = (
			);
			runOnlyForDeploymentPostprocessing = 0;
		};
		C746DFBD234883EF00F0199B /* Frameworks */ = {
			isa = PBXFrameworksBuildPhase;
			buildActionMask = 2147483647;
			files = (
			);
			runOnlyForDeploymentPostprocessing = 0;
		};
/* End PBXFrameworksBuildPhase section */

/* Begin PBXGroup section */
		C746DF98234883ED00F0199B = {
			isa = PBXGroup;
			children = (
				C746DFA3234883ED00F0199B /* LiveStyleEvents */,
				C746DFB8234883EF00F0199B /* LiveStyleEventsTests */,
				C746DFC3234883EF00F0199B /* LiveStyleEventsUITests */,
				C746DFA2234883ED00F0199B /* Products */,
			);
			sourceTree = "<group>";
		};
		C746DFA2234883ED00F0199B /* Products */ = {
			isa = PBXGroup;
			children = (
				C746DFA1234883ED00F0199B /* LiveStyleEvents.app */,
				C746DFB5234883EF00F0199B /* LiveStyleEventsTests.xctest */,
				C746DFC0234883EF00F0199B /* LiveStyleEventsUITests.xctest */,
			);
			name = Products;
			sourceTree = "<group>";
		};
		C746DFA3234883ED00F0199B /* LiveStyleEvents */ = {
			isa = PBXGroup;
			children = (
				C746DFA4234883ED00F0199B /* AppDelegate.swift */,
				C746DFA6234883ED00F0199B /* ViewController.swift */,
				C746DFD223488C6F00F0199B /* EventTableViewCell.swift */,
				C746DFD62348909F00F0199B /* Event.swift */,
				C746DFA8234883ED00F0199B /* Main.storyboard */,
				C746DFAB234883EF00F0199B /* Assets.xcassets */,
				C746DFAD234883EF00F0199B /* LaunchScreen.storyboard */,
				C746DFB0234883EF00F0199B /* Info.plist */,
			);
			path = LiveStyleEvents;
			sourceTree = "<group>";
		};
		C746DFB8234883EF00F0199B /* LiveStyleEventsTests */ = {
			isa = PBXGroup;
			children = (
				C746DFB9234883EF00F0199B /* LiveStyleEventsTests.swift */,
				C746DFBB234883EF00F0199B /* Info.plist */,
			);
			path = LiveStyleEventsTests;
			sourceTree = "<group>";
		};
		C746DFC3234883EF00F0199B /* LiveStyleEventsUITests */ = {
			isa = PBXGroup;
			children = (
				C746DFC4234883EF00F0199B /* LiveStyleEventsUITests.swift */,
				C746DFC6234883EF00F0199B /* Info.plist */,
			);
			path = LiveStyleEventsUITests;
			sourceTree = "<group>";
		};
/* End PBXGroup section */

/* Begin PBXNativeTarget section */
		C746DFA0234883ED00F0199B /* LiveStyleEvents */ = {
			isa = PBXNativeTarget;
			buildConfigurationList = C746DFC9234883EF00F0199B /* Build configuration list for PBXNativeTarget "LiveStyleEvents" */;
			buildPhases = (
				C746DF9D234883ED00F0199B /* Sources */,
				C746DF9E234883ED00F0199B /* Frameworks */,
				C746DF9F234883ED00F0199B /* Resources */,
			);
			buildRules = (
			);
			dependencies = (
			);
			name = LiveStyleEvents;
			productName = LiveStyleEvents;
			productReference = C746DFA1234883ED00F0199B /* LiveStyleEvents.app */;
			productType = "com.apple.product-type.application";
		};
		C746DFB4234883EF00F0199B /* LiveStyleEventsTests */ = {
			isa = PBXNativeTarget;
			buildConfigurationList = C746DFCC234883EF00F0199B /* Build configuration list for PBXNativeTarget "LiveStyleEventsTests" */;
			buildPhases = (
				C746DFB1234883EF00F0199B /* Sources */,
				C746DFB2234883EF00F0199B /* Frameworks */,
				C746DFB3234883EF00F0199B /* Resources */,
			);
			buildRules = (
			);
			dependencies = (
				C746DFB7234883EF00F0199B /* PBXTargetDependency */,
			);
			name = LiveStyleEventsTests;
			productName = LiveStyleEventsTests;
			productReference = C746DFB5234883EF00F0199B /* LiveStyleEventsTests.xctest */;
			productType = "com.apple.product-type.bundle.unit-test";
		};
		C746DFBF234883EF00F0199B /* LiveStyleEventsUITests */ = {
			isa = PBXNativeTarget;
			buildConfigurationList = C746DFCF234883EF00F0199B /* Build configuration list for PBXNativeTarget "LiveStyleEventsUITests" */;
			buildPhases = (
				C746DFBC234883EF00F0199B /* Sources */,
				C746DFBD234883EF00F0199B /* Frameworks */,
				C746DFBE234883EF00F0199B /* Resources */,
			);
			buildRules = (
			);
			dependencies = (
				C746DFC2234883EF00F0199B /* PBXTargetDependency */,
			);
			name = LiveStyleEventsUITests;
			productName = LiveStyleEventsUITests;
			productReference = C746DFC0234883EF00F0199B /* LiveStyleEventsUITests.xctest */;
			productType = "com.apple.product-type.bundle.ui-testing";
		};
/* End PBXNativeTarget section */

/* Begin PBXProject section */
		C746DF99234883ED00F0199B /* Project object */ = {
			isa = PBXProject;
			attributes = {
				LastSwiftUpdateCheck = 1010;
				LastUpgradeCheck = 1010;
				ORGANIZATIONNAME = "Venkat Madira";
				TargetAttributes = {
					C746DFA0234883ED00F0199B = {
						CreatedOnToolsVersion = 10.1;
					};
					C746DFB4234883EF00F0199B = {
						CreatedOnToolsVersion = 10.1;
						TestTargetID = C746DFA0234883ED00F0199B;
					};
					C746DFBF234883EF00F0199B = {
						CreatedOnToolsVersion = 10.1;
						TestTargetID = C746DFA0234883ED00F0199B;
					};
				};
			};
			buildConfigurationList = C746DF9C234883ED00F0199B /* Build configuration list for PBXProject "LiveStyleEvents" */;
			compatibilityVersion = "Xcode 9.3";
			developmentRegion = en;
			hasScannedForEncodings = 0;
			knownRegions = (
				en,
				Base,
			);
			mainGroup = C746DF98234883ED00F0199B;
			productRefGroup = C746DFA2234883ED00F0199B /* Products */;
			projectDirPath = "";
			projectRoot = "";
			targets = (
				C746DFA0234883ED00F0199B /* LiveStyleEvents */,
				C746DFB4234883EF00F0199B /* LiveStyleEventsTests */,
				C746DFBF234883EF00F0199B /* LiveStyleEventsUITests */,
			);
		};
/* End PBXProject section */

/* Begin PBXResourcesBuildPhase section */
		C746DF9F234883ED00F0199B /* Resources */ = {
			isa = PBXResourcesBuildPhase;
			buildActionMask = 2147483647;
			files = (
				C746DFAF234883EF00F0199B /* LaunchScreen.storyboard in Resources */,
				C746DFAC234883EF00F0199B /* Assets.xcassets in Resources */,
				C746DFAA234883ED00F0199B /* Main.storyboard in Resources */,
			);
			runOnlyForDeploymentPostprocessing = 0;
		};
		C746DFB3234883EF00F0199B /* Resources */ = {
			isa = PBXResourcesBuildPhase;
			buildActionMask = 2147483647;
			files = (
			);
			runOnlyForDeploymentPostprocessing = 0;
		};
		C746DFBE234883EF00F0199B /* Resources */ = {
			isa = PBXResourcesBuildPhase;
			buildActionMask = 2147483647;
			files = (
			);
			runOnlyForDeploymentPostprocessing = 0;
		};
/* End PBXResourcesBuildPhase section */

/* Begin PBXSourcesBuildPhase section */
		C746DF9D234883ED00F0199B /* Sources */ = {
			isa = PBXSourcesBuildPhase;
			buildActionMask = 2147483647;
			files = (
				C746DFD72348909F00F0199B /* Event.swift in Sources */,
				C746DFD323488C6F00F0199B /* EventTableViewCell.swift in Sources */,
				C746DFA7234883ED00F0199B /* ViewController.swift in Sources */,
				C746DFA5234883ED00F0199B /* AppDelegate.swift in Sources */,
			);
			runOnlyForDeploymentPostprocessing = 0;
		};
		C746DFB1234883EF00F0199B /* Sources */ = {
			isa = PBXSourcesBuildPhase;
			buildActionMask = 2147483647;
			files = (
				C746DFBA234883EF00F0199B /* LiveStyleEventsTests.swift in Sources */,
			);
			runOnlyForDeploymentPostprocessing = 0;
		};
		C746DFBC234883EF00F0199B /* Sources */ = {
			isa = PBXSourcesBuildPhase;
			buildActionMask = 2147483647;
			files = (
				C746DFC5234883EF00F0199B /* LiveStyleEventsUITests.swift in Sources */,
			);
			runOnlyForDeploymentPostprocessing = 0;
		};
/* End PBXSourcesBuildPhase section */

/* Begin PBXTargetDependency section */
		C746DFB7234883EF00F0199B /* PBXTargetDependency */ = {
			isa = PBXTargetDependency;
			target = C746DFA0234883ED00F0199B /* LiveStyleEvents */;
			targetProxy = C746DFB6234883EF00F0199B /* PBXContainerItemProxy */;
		};
		C746DFC2234883EF00F0199B /* PBXTargetDependency */ = {
			isa = PBXTargetDependency;
			target = C746DFA0234883ED00F0199B /* LiveStyleEvents */;
			targetProxy = C746DFC1234883EF00F0199B /* PBXContainerItemProxy */;
		};
/* End PBXTargetDependency section */

/* Begin PBXVariantGroup section */
		C746DFA8234883ED00F0199B /* Main.storyboard */ = {
			isa = PBXVariantGroup;
			children = (
				C746DFA9234883ED00F0199B /* Base */,
			);
			name = Main.storyboard;
			sourceTree = "<group>";
		};
		C746DFAD234883EF00F0199B /* LaunchScreen.storyboard */ = {
			isa = PBXVariantGroup;
			children = (
				C746DFAE234883EF00F0199B /* Base */,
			);
			name = LaunchScreen.storyboard;
			sourceTree = "<group>";
		};
/* End PBXVariantGroup section */

/* Begin XCBuildConfiguration section */
		C746DFC7234883EF00F0199B /* Debug */ = {
			isa = XCBuildConfiguration;
			buildSettings = {
				ALWAYS_SEARCH_USER_PATHS = NO;
				CLANG_ANALYZER_NONNULL = YES;
				CLANG_ANALYZER_NUMBER_OBJECT_CONVERSION = YES_AGGRESSIVE;
				CLANG_CXX_LANGUAGE_STANDARD = "gnu++14";
				CLANG_CXX_LIBRARY = "libc++";
				CLANG_ENABLE_MODULES = YES;
				CLANG_ENABLE_OBJC_ARC = YES;
				CLANG_ENABLE_OBJC_WEAK = YES;
				CLANG_WARN_BLOCK_CAPTURE_AUTORELEASING = YES;
				CLANG_WARN_BOOL_CONVERSION = YES;
				CLANG_WARN_COMMA = YES;
				CLANG_WARN_CONSTANT_CONVERSION = YES;
				CLANG_WARN_DEPRECATED_OBJC_IMPLEMENTATIONS = YES;
				CLANG_WARN_DIRECT_OBJC_ISA_USAGE = YES_ERROR;
				CLANG_WARN_DOCUMENTATION_COMMENTS = YES;
				CLANG_WARN_EMPTY_BODY = YES;
				CLANG_WARN_ENUM_CONVERSION = YES;
				CLANG_WARN_INFINITE_RECURSION = YES;
				CLANG_WARN_INT_CONVERSION = YES;
				CLANG_WARN_NON_LITERAL_NULL_CONVERSION = YES;
				CLANG_WARN_OBJC_IMPLICIT_RETAIN_SELF = YES;
				CLANG_WARN_OBJC_LITERAL_CONVERSION = YES;
				CLANG_WARN_OBJC_ROOT_CLASS = YES_ERROR;
				CLANG_WARN_RANGE_LOOP_ANALYSIS = YES;
				CLANG_WARN_STRICT_PROTOTYPES = YES;
				CLANG_WARN_SUSPICIOUS_MOVE = YES;
				CLANG_WARN_UNGUARDED_AVAILABILITY = YES_AGGRESSIVE;
				CLANG_WARN_UNREACHABLE_CODE = YES;
				CLANG_WARN__DUPLICATE_METHOD_MATCH = YES;
				CODE_SIGN_IDENTITY = "iPhone Developer";
				COPY_PHASE_STRIP = NO;
				DEBUG_INFORMATION_FORMAT = dwarf;
				ENABLE_STRICT_OBJC_MSGSEND = YES;
				ENABLE_TESTABILITY = YES;
				GCC_C_LANGUAGE_STANDARD = gnu11;
				GCC_DYNAMIC_NO_PIC = NO;
				GCC_NO_COMMON_BLOCKS = YES;
				GCC_OPTIMIZATION_LEVEL = 0;
				GCC_PREPROCESSOR_DEFINITIONS = (
					"DEBUG=1",
					"$(inherited)",
				);
				GCC_WARN_64_TO_32_BIT_CONVERSION = YES;
				GCC_WARN_ABOUT_RETURN_TYPE = YES_ERROR;
				GCC_WARN_UNDECLARED_SELECTOR = YES;
				GCC_WARN_UNINITIALIZED_AUTOS = YES_AGGRESSIVE;
				GCC_WARN_UNUSED_FUNCTION = YES;
				GCC_WARN_UNUSED_VARIABLE = YES;
				IPHONEOS_DEPLOYMENT_TARGET = 12.1;
				MTL_ENABLE_DEBUG_INFO = INCLUDE_SOURCE;
				MTL_FAST_MATH = YES;
				ONLY_ACTIVE_ARCH = YES;
				SDKROOT = iphoneos;
				SWIFT_ACTIVE_COMPILATION_CONDITIONS = DEBUG;
				SWIFT_OPTIMIZATION_LEVEL = "-Onone";
			};
			name = Debug;
		};
		C746DFC8234883EF00F0199B /* Release */ = {
			isa = XCBuildConfiguration;
			buildSettings = {
				ALWAYS_SEARCH_USER_PATHS = NO;
				CLANG_ANALYZER_NONNULL = YES;
				CLANG_ANALYZER_NUMBER_OBJECT_CONVERSION = YES_AGGRESSIVE;
				CLANG_CXX_LANGUAGE_STANDARD = "gnu++14";
				CLANG_CXX_LIBRARY = "libc++";
				CLANG_ENABLE_MODULES = YES;
				CLANG_ENABLE_OBJC_ARC = YES;
				CLANG_ENABLE_OBJC_WEAK = YES;
				CLANG_WARN_BLOCK_CAPTURE_AUTORELEASING = YES;
				CLANG_WARN_BOOL_CONVERSION = YES;
				CLANG_WARN_COMMA = YES;
				CLANG_WARN_CONSTANT_CONVERSION = YES;
				CLANG_WARN_DEPRECATED_OBJC_IMPLEMENTATIONS = YES;
				CLANG_WARN_DIRECT_OBJC_ISA_USAGE = YES_ERROR;
				CLANG_WARN_DOCUMENTATION_COMMENTS = YES;
				CLANG_WARN_EMPTY_BODY = YES;
				CLANG_WARN_ENUM_CONVERSION = YES;
				CLANG_WARN_INFINITE_RECURSION = YES;
				CLANG_WARN_INT_CONVERSION = YES;
				CLANG_WARN_NON_LITERAL_NULL_CONVERSION = YES;
				CLANG_WARN_OBJC_IMPLICIT_RETAIN_SELF = YES;
				CLANG_WARN_OBJC_LITERAL_CONVERSION = YES;
				CLANG_WARN_OBJC_ROOT_CLASS = YES_ERROR;
				CLANG_WARN_RANGE_LOOP_ANALYSIS = YES;
				CLANG_WARN_STRICT_PROTOTYPES = YES;
				CLANG_WARN_SUSPICIOUS_MOVE = YES;
				CLANG_WARN_UNGUARDED_AVAILABILITY = YES_AGGRESSIVE;
				CLANG_WARN_UNREACHABLE_CODE = YES;
				CLANG_WARN__DUPLICATE_METHOD_MATCH = YES;
				CODE_SIGN_IDENTITY = "iPhone Developer";
				COPY_PHASE_STRIP = NO;
				DEBUG_INFORMATION_FORMAT = "dwarf-with-dsym";
				ENABLE_NS_ASSERTIONS = NO;
				ENABLE_STRICT_OBJC_MSGSEND = YES;
				GCC_C_LANGUAGE_STANDARD = gnu11;
				GCC_NO_COMMON_BLOCKS = YES;
				GCC_WARN_64_TO_32_BIT_CONVERSION = YES;
				GCC_WARN_ABOUT_RETURN_TYPE = YES_ERROR;
				GCC_WARN_UNDECLARED_SELECTOR = YES;
				GCC_WARN_UNINITIALIZED_AUTOS = YES_AGGRESSIVE;
				GCC_WARN_UNUSED_FUNCTION = YES;
				GCC_WARN_UNUSED_VARIABLE = YES;
				IPHONEOS_DEPLOYMENT_TARGET = 12.1;
				MTL_ENABLE_DEBUG_INFO = NO;
				MTL_FAST_MATH = YES;
				SDKROOT = iphoneos;
				SWIFT_COMPILATION_MODE = wholemodule;
				SWIFT_OPTIMIZATION_LEVEL = "-O";
				VALIDATE_PRODUCT = YES;
			};
			name = Release;
		};
		C746DFCA234883EF00F0199B /* Debug */ = {
			isa = XCBuildConfiguration;
			buildSettings = {
				ASSETCATALOG_COMPILER_APPICON_NAME = AppIcon;
				CODE_SIGN_STYLE = Automatic;
				DEVELOPMENT_TEAM = 7HT287C29S;
				INFOPLIST_FILE = LiveStyleEvents/Info.plist;
				LD_RUNPATH_SEARCH_PATHS = (
					"$(inherited)",
					"@executable_path/Frameworks",
				);
				PRODUCT_BUNDLE_IDENTIFIER = uk.co.rdi.www.LiveStyleEvents;
				PRODUCT_NAME = "$(TARGET_NAME)";
				SWIFT_VERSION = 4.2;
				TARGETED_DEVICE_FAMILY = "1,2";
			};
			name = Debug;
		};
		C746DFCB234883EF00F0199B /* Release */ = {
			isa = XCBuildConfiguration;
			buildSettings = {
				ASSETCATALOG_COMPILER_APPICON_NAME = AppIcon;
				CODE_SIGN_STYLE = Automatic;
				DEVELOPMENT_TEAM = 7HT287C29S;
				INFOPLIST_FILE = LiveStyleEvents/Info.plist;
				LD_RUNPATH_SEARCH_PATHS = (
					"$(inherited)",
					"@executable_path/Frameworks",
				);
				PRODUCT_BUNDLE_IDENTIFIER = uk.co.rdi.www.LiveStyleEvents;
				PRODUCT_NAME = "$(TARGET_NAME)";
				SWIFT_VERSION = 4.2;
				TARGETED_DEVICE_FAMILY = "1,2";
			};
			name = Release;
		};
		C746DFCD234883EF00F0199B /* Debug */ = {
			isa = XCBuildConfiguration;
			buildSettings = {
				ALWAYS_EMBED_SWIFT_STANDARD_LIBRARIES = YES;
				BUNDLE_LOADER = "$(TEST_HOST)";
				CODE_SIGN_STYLE = Automatic;
				DEVELOPMENT_TEAM = 7HT287C29S;
				INFOPLIST_FILE = LiveStyleEventsTests/Info.plist;
				LD_RUNPATH_SEARCH_PATHS = (
					"$(inherited)",
					"@executable_path/Frameworks",
					"@loader_path/Frameworks",
				);
				PRODUCT_BUNDLE_IDENTIFIER = uk.co.rdi.www.LiveStyleEventsTests;
				PRODUCT_NAME = "$(TARGET_NAME)";
				SWIFT_VERSION = 4.2;
				TARGETED_DEVICE_FAMILY = "1,2";
				TEST_HOST = "$(BUILT_PRODUCTS_DIR)/LiveStyleEvents.app/LiveStyleEvents";
			};
			name = Debug;
		};
		C746DFCE234883EF00F0199B /* Release */ = {
			isa = XCBuildConfiguration;
			buildSettings = {
				ALWAYS_EMBED_SWIFT_STANDARD_LIBRARIES = YES;
				BUNDLE_LOADER = "$(TEST_HOST)";
				CODE_SIGN_STYLE = Automatic;
				DEVELOPMENT_TEAM = 7HT287C29S;
				INFOPLIST_FILE = LiveStyleEventsTests/Info.plist;
				LD_RUNPATH_SEARCH_PATHS = (
					"$(inherited)",
					"@executable_path/Frameworks",
					"@loader_path/Frameworks",
				);
				PRODUCT_BUNDLE_IDENTIFIER = uk.co.rdi.www.LiveStyleEventsTests;
				PRODUCT_NAME = "$(TARGET_NAME)";
				SWIFT_VERSION = 4.2;
				TARGETED_DEVICE_FAMILY = "1,2";
				TEST_HOST = "$(BUILT_PRODUCTS_DIR)/LiveStyleEvents.app/LiveStyleEvents";
			};
			name = Release;
		};
		C746DFD0234883EF00F0199B /* Debug */ = {
			isa = XCBuildConfiguration;
			buildSettings = {
				ALWAYS_EMBED_SWIFT_STANDARD_LIBRARIES = YES;
				CODE_SIGN_STYLE = Automatic;
				DEVELOPMENT_TEAM = 7HT287C29S;
				INFOPLIST_FILE = LiveStyleEventsUITests/Info.plist;
				LD_RUNPATH_SEARCH_PATHS = (
					"$(inherited)",
					"@executable_path/Frameworks",
					"@loader_path/Frameworks",
				);
				PRODUCT_BUNDLE_IDENTIFIER = uk.co.rdi.www.LiveStyleEventsUITests;
				PRODUCT_NAME = "$(TARGET_NAME)";
				SWIFT_VERSION = 4.2;
				TARGETED_DEVICE_FAMILY = "1,2";
				TEST_TARGET_NAME = LiveStyleEvents;
			};
			name = Debug;
		};
		C746DFD1234883EF00F0199B /* Release */ = {
			isa = XCBuildConfiguration;
			buildSettings = {
				ALWAYS_EMBED_SWIFT_STANDARD_LIBRARIES = YES;
				CODE_SIGN_STYLE = Automatic;
				DEVELOPMENT_TEAM = 7HT287C29S;
				INFOPLIST_FILE = LiveStyleEventsUITests/Info.plist;
				LD_RUNPATH_SEARCH_PATHS = (
					"$(inherited)",
					"@executable_path/Frameworks",
					"@loader_path/Frameworks",
				);
				PRODUCT_BUNDLE_IDENTIFIER = uk.co.rdi.www.LiveStyleEventsUITests;
				PRODUCT_NAME = "$(TARGET_NAME)";
				SWIFT_VERSION = 4.2;
				TARGETED_DEVICE_FAMILY = "1,2";
				TEST_TARGET_NAME = LiveStyleEvents;
			};
			name = Release;
		};
/* End XCBuildConfiguration section */

/* Begin XCConfigurationList section */
		C746DF9C234883ED00F0199B /* Build configuration list for PBXProject "LiveStyleEvents" */ = {
			isa = XCConfigurationList;
			buildConfigurations = (
				C746DFC7234883EF00F0199B /* Debug */,
				C746DFC8234883EF00F0199B /* Release */,
			);
			defaultConfigurationIsVisible = 0;
			defaultConfigurationName = Release;
		};
		C746DFC9234883EF00F0199B /* Build configuration list for PBXNativeTarget "LiveStyleEvents" */ = {
			isa = XCConfigurationList;
			buildConfigurations = (
				C746DFCA234883EF00F0199B /* Debug */,
				C746DFCB234883EF00F0199B /* Release */,
			);
			defaultConfigurationIsVisible = 0;
			defaultConfigurationName = Release;
		};
		C746DFCC234883EF00F0199B /* Build configuration list for PBXNativeTarget "LiveStyleEventsTests" */ = {
			isa = XCConfigurationList;
			buildConfigurations = (
				C746DFCD234883EF00F0199B /* Debug */,
				C746DFCE234883EF00F0199B /* Release */,
			);
			defaultConfigurationIsVisible = 0;
			defaultConfigurationName = Release;
		};
		C746DFCF234883EF00F0199B /* Build configuration list for PBXNativeTarget "LiveStyleEventsUITests" */ = {
			isa = XCConfigurationList;
			buildConfigurations = (
				C746DFD0234883EF00F0199B /* Debug */,
				C746DFD1234883EF00F0199B /* Release */,
			);
			defaultConfigurationIsVisible = 0;
			defaultConfigurationName = Release;
		};
/* End XCConfigurationList section */
	};
	rootObject = C746DF99234883ED00F0199B /* Project object */;
}
